
Microsoft Visual Studio Solution File, Format Version 12.00
Project("{FAE04EC0-301F-11D3-BF4B-00C04F79EFBC}") = "fabsg0.Web.TeamManagement.Blazor", "fabsg0.Web.TeamManagement.Blazor.csproj", "{619BD689-E055-466E-BF64-BBD61AACF169}"
EndProject
Global
	GlobalSection(SolutionConfigurationPlatforms) = preSolution
		Debug|Any CPU = Debug|Any CPU
		Release|Any CPU = Release|Any CPU
	EndGlobalSection
	GlobalSection(ProjectConfigurationPlatforms) = postSolution
		{619BD689-E055-466E-BF64-BBD61AACF169}.Debug|Any CPU.ActiveCfg = Debug|Any CPU
		{619BD689-E055-466E-BF64-BBD61AACF169}.Debug|Any CPU.Build.0 = Debug|Any CPU
		{619BD689-E055-466E-BF64-BBD61AACF169}.Release|Any CPU.ActiveCfg = Release|Any CPU
		{619BD689-E055-466E-BF64-BBD61AACF169}.Release|Any CPU.Build.0 = Release|Any CPU
	EndGlobalSection
EndGlobal
